
Microsoft Visual Studio Solution File, Format Version 12.00
# Visual Studio Version 17
VisualStudioVersion = 17.0.31912.275
MinimumVisualStudioVersion = 10.0.40219.1
Project("{8BC9CEB8-8B4A-11D0-8D11-00A0C91BC942}") = "patients-cli", "patients-cli\patients-cli.vcxproj", "{18683181-4F48-4E57-ADD6-0719BF60C09E}"
EndProject
Global
	GlobalSection(SolutionConfigurationPlatforms) = preSolution
		Debug|x64 = Debug|x64
		Debug|x86 = Debug|x86
		Release|x64 = Release|x64
		Release|x86 = Release|x86
	EndGlobalSection
	GlobalSection(ProjectConfigurationPlatforms) = postSolution
		{18683181-4F48-4E57-ADD6-0719BF60C09E}.Debug|x64.ActiveCfg = Debug|x64
		{18683181-4F48-4E57-ADD6-0719BF60C09E}.Debug|x64.Build.0 = Debug|x64
		{18683181-4F48-4E57-ADD6-0719BF60C09E}.Debug|x86.ActiveCfg = Debug|Win32
		{18683181-4F48-4E57-ADD6-0719BF60C09E}.Debug|x86.Build.0 = Debug|Win32
		{18683181-4F48-4E57-ADD6-0719BF60C09E}.Release|x64.ActiveCfg = Release|x64
		{18683181-4F48-4E57-ADD6-0719BF60C09E}.Release|x64.Build.0 = Release|x64
		{18683181-4F48-4E57-ADD6-0719BF60C09E}.Release|x86.ActiveCfg = Release|Win32
		{18683181-4F48-4E57-ADD6-0719BF60C09E}.Release|x86.Build.0 = Release|Win32
	EndGlobalSection
	GlobalSection(SolutionProperties) = preSolution
		HideSolutionNode = FALSE
	EndGlobalSection
	GlobalSection(ExtensibilityGlobals) = postSolution
		SolutionGuid = {547D5CA8-05DF-49FC-BB4C-1F58C07C5C2E}
	EndGlobalSection
EndGlobal
